// !$*UTF8*$!
{
	archiveVersion = 1;
	classes = {
	};
	objectVersion = 70;
	objects = {

/* Begin PBXBuildFile section */
		534654612C35091500A4BFBA /* MitiMitiApp.swift in Sources */ = {isa = PBXBuildFile; fileRef = 534654602C35091500A4BFBA /* MitiMitiApp.swift */; };
		534654652C35091600A4BFBA /* Assets.xcassets in Resources */ = {isa = PBXBuildFile; fileRef = 534654642C35091600A4BFBA /* Assets.xcassets */; };
		534654682C35091600A4BFBA /* Preview Assets.xcassets in Resources */ = {isa = PBXBuildFile; fileRef = 534654672C35091600A4BFBA /* Preview Assets.xcassets */; };
		537E21342C4AC1B500BA32C6 /* PreviewContainer.swift in Sources */ = {isa = PBXBuildFile; fileRef = 537E21332C4AC1B500BA32C6 /* PreviewContainer.swift */; };
		537E21362C4AC1E300BA32C6 /* ExpenseGroupSamples.swift in Sources */ = {isa = PBXBuildFile; fileRef = 537E21352C4AC1E300BA32C6 /* ExpenseGroupSamples.swift */; };
		537E214B2C4D70FA00BA32C6 /* MemberSamples.swift in Sources */ = {isa = PBXBuildFile; fileRef = 537E214A2C4D70FA00BA32C6 /* MemberSamples.swift */; };
		53D78BC52C4DF72000D10F1F /* TransactionSamples.swift in Sources */ = {isa = PBXBuildFile; fileRef = 53D78BC42C4DF72000D10F1F /* TransactionSamples.swift */; };
/* End PBXBuildFile section */

/* Begin PBXFileReference section */
		5346545D2C35091500A4BFBA /* miti-miti.app */ = {isa = PBXFileReference; explicitFileType = wrapper.application; includeInIndex = 0; path = "miti-miti.app"; sourceTree = BUILT_PRODUCTS_DIR; };
		534654602C35091500A4BFBA /* MitiMitiApp.swift */ = {isa = PBXFileReference; lastKnownFileType = sourcecode.swift; path = MitiMitiApp.swift; sourceTree = "<group>"; };
		534654642C35091600A4BFBA /* Assets.xcassets */ = {isa = PBXFileReference; lastKnownFileType = folder.assetcatalog; path = Assets.xcassets; sourceTree = "<group>"; };
		534654672C35091600A4BFBA /* Preview Assets.xcassets */ = {isa = PBXFileReference; lastKnownFileType = folder.assetcatalog; path = "Preview Assets.xcassets"; sourceTree = "<group>"; };
		537E21332C4AC1B500BA32C6 /* PreviewContainer.swift */ = {isa = PBXFileReference; lastKnownFileType = sourcecode.swift; path = PreviewContainer.swift; sourceTree = "<group>"; };
		537E21352C4AC1E300BA32C6 /* ExpenseGroupSamples.swift */ = {isa = PBXFileReference; lastKnownFileType = sourcecode.swift; path = ExpenseGroupSamples.swift; sourceTree = "<group>"; };
		537E214A2C4D70FA00BA32C6 /* MemberSamples.swift */ = {isa = PBXFileReference; lastKnownFileType = sourcecode.swift; path = MemberSamples.swift; sourceTree = "<group>"; };
		53D78BC42C4DF72000D10F1F /* TransactionSamples.swift */ = {isa = PBXFileReference; lastKnownFileType = sourcecode.swift; path = TransactionSamples.swift; sourceTree = "<group>"; };
/* End PBXFileReference section */

/* Begin PBXFileSystemSynchronizedBuildFileExceptionSet section */
		537E212F2C4AB4C700BA32C6 /* PBXFileSystemSynchronizedBuildFileExceptionSet */ = {
			isa = PBXFileSystemSynchronizedBuildFileExceptionSet;
			membershipExceptions = (
				CreateGroupView.swift,
				CreateTransactionView.swift,
				GroupsView.swift,
				GroupView.swift,
			);
			target = 5346545C2C35091500A4BFBA /* miti-miti */;
		};
		537E21312C4AB4DC00BA32C6 /* PBXFileSystemSynchronizedBuildFileExceptionSet */ = {
			isa = PBXFileSystemSynchronizedBuildFileExceptionSet;
			membershipExceptions = (
				ExpenseGroup.swift,
				Member.swift,
				Transaction.swift,
			);
			target = 5346545C2C35091500A4BFBA /* miti-miti */;
		};
/* End PBXFileSystemSynchronizedBuildFileExceptionSet section */

/* Begin PBXFileSystemSynchronizedRootGroup section */
		537E212E2C4AB4BB00BA32C6 /* views */ = {isa = PBXFileSystemSynchronizedRootGroup; exceptions = (537E212F2C4AB4C700BA32C6 /* PBXFileSystemSynchronizedBuildFileExceptionSet */, ); explicitFileTypes = {}; explicitFolders = (); path = views; sourceTree = "<group>"; };
		537E21302C4AB4D500BA32C6 /* model */ = {isa = PBXFileSystemSynchronizedRootGroup; exceptions = (537E21312C4AB4DC00BA32C6 /* PBXFileSystemSynchronizedBuildFileExceptionSet */, ); explicitFileTypes = {}; explicitFolders = (); path = model; sourceTree = "<group>"; };
/* End PBXFileSystemSynchronizedRootGroup section */

/* Begin PBXFrameworksBuildPhase section */
		5346545A2C35091500A4BFBA /* Frameworks */ = {
			isa = PBXFrameworksBuildPhase;
			buildActionMask = 2147483647;
			files = (
			);
			runOnlyForDeploymentPostprocessing = 0;
		};
/* End PBXFrameworksBuildPhase section */

/* Begin PBXGroup section */
		534654542C35091500A4BFBA = {
			isa = PBXGroup;
			children = (
				5346545F2C35091500A4BFBA /* miti-miti */,
				5346545E2C35091500A4BFBA /* Products */,
			);
			sourceTree = "<group>";
		};
		5346545E2C35091500A4BFBA /* Products */ = {
			isa = PBXGroup;
			children = (
				5346545D2C35091500A4BFBA /* miti-miti.app */,
			);
			name = Products;
			sourceTree = "<group>";
		};
		5346545F2C35091500A4BFBA /* miti-miti */ = {
			isa = PBXGroup;
			children = (
				537E21302C4AB4D500BA32C6 /* model */,
				537E212E2C4AB4BB00BA32C6 /* views */,
				534654602C35091500A4BFBA /* MitiMitiApp.swift */,
				534654642C35091600A4BFBA /* Assets.xcassets */,
				534654662C35091600A4BFBA /* Preview Content */,
			);
			path = "miti-miti";
			sourceTree = "<group>";
		};
		534654662C35091600A4BFBA /* Preview Content */ = {
			isa = PBXGroup;
			children = (
				534654672C35091600A4BFBA /* Preview Assets.xcassets */,
				537E21332C4AC1B500BA32C6 /* PreviewContainer.swift */,
				537E21352C4AC1E300BA32C6 /* ExpenseGroupSamples.swift */,
				537E214A2C4D70FA00BA32C6 /* MemberSamples.swift */,
				53D78BC42C4DF72000D10F1F /* TransactionSamples.swift */,
			);
			path = "Preview Content";
			sourceTree = "<group>";
		};
/* End PBXGroup section */

/* Begin PBXNativeTarget section */
		5346545C2C35091500A4BFBA /* miti-miti */ = {
			isa = PBXNativeTarget;
			buildConfigurationList = 5346546B2C35091600A4BFBA /* Build configuration list for PBXNativeTarget "miti-miti" */;
			buildPhases = (
				534654592C35091500A4BFBA /* Sources */,
				5346545A2C35091500A4BFBA /* Frameworks */,
				5346545B2C35091500A4BFBA /* Resources */,
			);
			buildRules = (
			);
			dependencies = (
			);
			name = "miti-miti";
			productName = "miti-miti";
			productReference = 5346545D2C35091500A4BFBA /* miti-miti.app */;
			productType = "com.apple.product-type.application";
		};
/* End PBXNativeTarget section */

/* Begin PBXProject section */
		534654552C35091500A4BFBA /* Project object */ = {
			isa = PBXProject;
			attributes = {
				BuildIndependentTargetsInParallel = 1;
				LastSwiftUpdateCheck = 1600;
				LastUpgradeCheck = 1600;
				TargetAttributes = {
					5346545C2C35091500A4BFBA = {
						CreatedOnToolsVersion = 16.0;
					};
				};
			};
			buildConfigurationList = 534654582C35091500A4BFBA /* Build configuration list for PBXProject "miti-miti" */;
			compatibilityVersion = "Xcode 15.0";
			developmentRegion = en;
			hasScannedForEncodings = 0;
			knownRegions = (
				en,
				Base,
			);
			mainGroup = 534654542C35091500A4BFBA;
			productRefGroup = 5346545E2C35091500A4BFBA /* Products */;
			projectDirPath = "";
			projectRoot = "";
			targets = (
				5346545C2C35091500A4BFBA /* miti-miti */,
			);
		};
/* End PBXProject section */

/* Begin PBXResourcesBuildPhase section */
		5346545B2C35091500A4BFBA /* Resources */ = {
			isa = PBXResourcesBuildPhase;
			buildActionMask = 2147483647;
			files = (
				534654682C35091600A4BFBA /* Preview Assets.xcassets in Resources */,
				534654652C35091600A4BFBA /* Assets.xcassets in Resources */,
			);
			runOnlyForDeploymentPostprocessing = 0;
		};
/* End PBXResourcesBuildPhase section */

/* Begin PBXSourcesBuildPhase section */
		534654592C35091500A4BFBA /* Sources */ = {
			isa = PBXSourcesBuildPhase;
			buildActionMask = 2147483647;
			files = (
				537E21362C4AC1E300BA32C6 /* ExpenseGroupSamples.swift in Sources */,
				534654612C35091500A4BFBA /* MitiMitiApp.swift in Sources */,
				53D78BC52C4DF72000D10F1F /* TransactionSamples.swift in Sources */,
				537E214B2C4D70FA00BA32C6 /* MemberSamples.swift in Sources */,
				537E21342C4AC1B500BA32C6 /* PreviewContainer.swift in Sources */,
			);
			runOnlyForDeploymentPostprocessing = 0;
		};
/* End PBXSourcesBuildPhase section */

/* Begin XCBuildConfiguration section */
		534654692C35091600A4BFBA /* Debug */ = {
			isa = XCBuildConfiguration;
			buildSettings = {
				ALWAYS_SEARCH_USER_PATHS = NO;
				ASSETCATALOG_COMPILER_GENERATE_SWIFT_ASSET_SYMBOL_EXTENSIONS = YES;
				CLANG_ANALYZER_NONNULL = YES;
				CLANG_ANALYZER_NUMBER_OBJECT_CONVERSION = YES_AGGRESSIVE;
				CLANG_CXX_LANGUAGE_STANDARD = "gnu++20";
				CLANG_ENABLE_MODULES = YES;
				CLANG_ENABLE_OBJC_ARC = YES;
				CLANG_ENABLE_OBJC_WEAK = YES;
				CLANG_WARN_BLOCK_CAPTURE_AUTORELEASING = YES;
				CLANG_WARN_BOOL_CONVERSION = YES;
				CLANG_WARN_COMMA = YES;
				CLANG_WARN_CONSTANT_CONVERSION = YES;
				CLANG_WARN_DEPRECATED_OBJC_IMPLEMENTATIONS = YES;
				CLANG_WARN_DIRECT_OBJC_ISA_USAGE = YES_ERROR;
				CLANG_WARN_DOCUMENTATION_COMMENTS = YES;
				CLANG_WARN_EMPTY_BODY = YES;
				CLANG_WARN_ENUM_CONVERSION = YES;
				CLANG_WARN_INFINITE_RECURSION = YES;
				CLANG_WARN_INT_CONVERSION = YES;
				CLANG_WARN_NON_LITERAL_NULL_CONVERSION = YES;
				CLANG_WARN_OBJC_IMPLICIT_RETAIN_SELF = YES;
				CLANG_WARN_OBJC_LITERAL_CONVERSION = YES;
				CLANG_WARN_OBJC_ROOT_CLASS = YES_ERROR;
				CLANG_WARN_QUOTED_INCLUDE_IN_FRAMEWORK_HEADER = YES;
				CLANG_WARN_RANGE_LOOP_ANALYSIS = YES;
				CLANG_WARN_STRICT_PROTOTYPES = YES;
				CLANG_WARN_SUSPICIOUS_MOVE = YES;
				CLANG_WARN_UNGUARDED_AVAILABILITY = YES_AGGRESSIVE;
				CLANG_WARN_UNREACHABLE_CODE = YES;
				CLANG_WARN__DUPLICATE_METHOD_MATCH = YES;
				COPY_PHASE_STRIP = NO;
				DEBUG_INFORMATION_FORMAT = dwarf;
				ENABLE_STRICT_OBJC_MSGSEND = YES;
				ENABLE_TESTABILITY = YES;
				ENABLE_USER_SCRIPT_SANDBOXING = YES;
				GCC_C_LANGUAGE_STANDARD = gnu17;
				GCC_DYNAMIC_NO_PIC = NO;
				GCC_NO_COMMON_BLOCKS = YES;
				GCC_OPTIMIZATION_LEVEL = 0;
				GCC_PREPROCESSOR_DEFINITIONS = (
					"DEBUG=1",
					"$(inherited)",
				);
				GCC_WARN_64_TO_32_BIT_CONVERSION = YES;
				GCC_WARN_ABOUT_RETURN_TYPE = YES_ERROR;
				GCC_WARN_UNDECLARED_SELECTOR = YES;
				GCC_WARN_UNINITIALIZED_AUTOS = YES_AGGRESSIVE;
				GCC_WARN_UNUSED_FUNCTION = YES;
				GCC_WARN_UNUSED_VARIABLE = YES;
				IPHONEOS_DEPLOYMENT_TARGET = "$(RECOMMENDED_IPHONEOS_DEPLOYMENT_TARGET)";
				LOCALIZATION_PREFERS_STRING_CATALOGS = YES;
				MTL_ENABLE_DEBUG_INFO = INCLUDE_SOURCE;
				MTL_FAST_MATH = YES;
				ONLY_ACTIVE_ARCH = YES;
				SDKROOT = iphoneos;
				SWIFT_ACTIVE_COMPILATION_CONDITIONS = "DEBUG $(inherited)";
				SWIFT_OPTIMIZATION_LEVEL = "-Onone";
			};
			name = Debug;
		};
		5346546A2C35091600A4BFBA /* Release */ = {
			isa = XCBuildConfiguration;
			buildSettings = {
				ALWAYS_SEARCH_USER_PATHS = NO;
				ASSETCATALOG_COMPILER_GENERATE_SWIFT_ASSET_SYMBOL_EXTENSIONS = YES;
				CLANG_ANALYZER_NONNULL = YES;
				CLANG_ANALYZER_NUMBER_OBJECT_CONVERSION = YES_AGGRESSIVE;
				CLANG_CXX_LANGUAGE_STANDARD = "gnu++20";
				CLANG_ENABLE_MODULES = YES;
				CLANG_ENABLE_OBJC_ARC = YES;
				CLANG_ENABLE_OBJC_WEAK = YES;
				CLANG_WARN_BLOCK_CAPTURE_AUTORELEASING = YES;
				CLANG_WARN_BOOL_CONVERSION = YES;
				CLANG_WARN_COMMA = YES;
				CLANG_WARN_CONSTANT_CONVERSION = YES;
				CLANG_WARN_DEPRECATED_OBJC_IMPLEMENTATIONS = YES;
				CLANG_WARN_DIRECT_OBJC_ISA_USAGE = YES_ERROR;
				CLANG_WARN_DOCUMENTATION_COMMENTS = YES;
				CLANG_WARN_EMPTY_BODY = YES;
				CLANG_WARN_ENUM_CONVERSION = YES;
				CLANG_WARN_INFINITE_RECURSION = YES;
				CLANG_WARN_INT_CONVERSION = YES;
				CLANG_WARN_NON_LITERAL_NULL_CONVERSION = YES;
				CLANG_WARN_OBJC_IMPLICIT_RETAIN_SELF = YES;
				CLANG_WARN_OBJC_LITERAL_CONVERSION = YES;
				CLANG_WARN_OBJC_ROOT_CLASS = YES_ERROR;
				CLANG_WARN_QUOTED_INCLUDE_IN_FRAMEWORK_HEADER = YES;
				CLANG_WARN_RANGE_LOOP_ANALYSIS = YES;
				CLANG_WARN_STRICT_PROTOTYPES = YES;
				CLANG_WARN_SUSPICIOUS_MOVE = YES;
				CLANG_WARN_UNGUARDED_AVAILABILITY = YES_AGGRESSIVE;
				CLANG_WARN_UNREACHABLE_CODE = YES;
				CLANG_WARN__DUPLICATE_METHOD_MATCH = YES;
				COPY_PHASE_STRIP = NO;
				DEBUG_INFORMATION_FORMAT = "dwarf-with-dsym";
				ENABLE_NS_ASSERTIONS = NO;
				ENABLE_STRICT_OBJC_MSGSEND = YES;
				ENABLE_USER_SCRIPT_SANDBOXING = YES;
				GCC_C_LANGUAGE_STANDARD = gnu17;
				GCC_NO_COMMON_BLOCKS = YES;
				GCC_WARN_64_TO_32_BIT_CONVERSION = YES;
				GCC_WARN_ABOUT_RETURN_TYPE = YES_ERROR;
				GCC_WARN_UNDECLARED_SELECTOR = YES;
				GCC_WARN_UNINITIALIZED_AUTOS = YES_AGGRESSIVE;
				GCC_WARN_UNUSED_FUNCTION = YES;
				GCC_WARN_UNUSED_VARIABLE = YES;
				IPHONEOS_DEPLOYMENT_TARGET = "$(RECOMMENDED_IPHONEOS_DEPLOYMENT_TARGET)";
				LOCALIZATION_PREFERS_STRING_CATALOGS = YES;
				MTL_ENABLE_DEBUG_INFO = NO;
				MTL_FAST_MATH = YES;
				SDKROOT = iphoneos;
				SWIFT_COMPILATION_MODE = wholemodule;
				VALIDATE_PRODUCT = YES;
			};
			name = Release;
		};
		5346546C2C35091600A4BFBA /* Debug */ = {
			isa = XCBuildConfiguration;
			buildSettings = {
				ASSETCATALOG_COMPILER_APPICON_NAME = AppIcon;
				ASSETCATALOG_COMPILER_GLOBAL_ACCENT_COLOR_NAME = AccentColor;
				CODE_SIGN_STYLE = Automatic;
				CURRENT_PROJECT_VERSION = 1;
				DEVELOPMENT_ASSET_PATHS = "\"miti-miti/Preview Content\"";
				DEVELOPMENT_TEAM = U7322Y9G3K;
				ENABLE_PREVIEWS = YES;
				GENERATE_INFOPLIST_FILE = YES;
				INFOPLIST_KEY_CFBundleDisplayName = "miti miti";
				INFOPLIST_KEY_LSApplicationCategoryType = "public.app-category.finance";
				INFOPLIST_KEY_UIApplicationSceneManifest_Generation = YES;
				INFOPLIST_KEY_UIApplicationSupportsIndirectInputEvents = YES;
				INFOPLIST_KEY_UILaunchScreen_Generation = YES;
				INFOPLIST_KEY_UISupportedInterfaceOrientations = UIInterfaceOrientationPortrait;
				IPHONEOS_DEPLOYMENT_TARGET = 17.0;
				LD_RUNPATH_SEARCH_PATHS = (
					"$(inherited)",
					"@executable_path/Frameworks",
				);
				MARKETING_VERSION = 1.0;
				PRODUCT_BUNDLE_IDENTIFIER = "com.cecruzmo.miti-miti";
				PRODUCT_NAME = "$(TARGET_NAME)";
				SWIFT_EMIT_LOC_STRINGS = YES;
				SWIFT_VERSION = 5.0;
				TARGETED_DEVICE_FAMILY = "1,2";
			};
			name = Debug;
		};
		5346546D2C35091600A4BFBA /* Release */ = {
			isa = XCBuildConfiguration;
			buildSettings = {
				ASSETCATALOG_COMPILER_APPICON_NAME = AppIcon;
				ASSETCATALOG_COMPILER_GLOBAL_ACCENT_COLOR_NAME = AccentColor;
				CODE_SIGN_STYLE = Automatic;
				CURRENT_PROJECT_VERSION = 1;
				DEVELOPMENT_ASSET_PATHS = "\"miti-miti/Preview Content\"";
				DEVELOPMENT_TEAM = U7322Y9G3K;
				ENABLE_PREVIEWS = YES;
				GENERATE_INFOPLIST_FILE = YES;
				INFOPLIST_KEY_CFBundleDisplayName = "miti miti";
				INFOPLIST_KEY_LSApplicationCategoryType = "public.app-category.finance";
				INFOPLIST_KEY_UIApplicationSceneManifest_Generation = YES;
				INFOPLIST_KEY_UIApplicationSupportsIndirectInputEvents = YES;
				INFOPLIST_KEY_UILaunchScreen_Generation = YES;
				INFOPLIST_KEY_UISupportedInterfaceOrientations = UIInterfaceOrientationPortrait;
				IPHONEOS_DEPLOYMENT_TARGET = 17.0;
				LD_RUNPATH_SEARCH_PATHS = (
					"$(inherited)",
					"@executable_path/Frameworks",
				);
				MARKETING_VERSION = 1.0;
				PRODUCT_BUNDLE_IDENTIFIER = "com.cecruzmo.miti-miti";
				PRODUCT_NAME = "$(TARGET_NAME)";
				SWIFT_EMIT_LOC_STRINGS = YES;
				SWIFT_VERSION = 5.0;
				TARGETED_DEVICE_FAMILY = "1,2";
			};
			name = Release;
		};
/* End XCBuildConfiguration section */

/* Begin XCConfigurationList section */
		534654582C35091500A4BFBA /* Build configuration list for PBXProject "miti-miti" */ = {
			isa = XCConfigurationList;
			buildConfigurations = (
				534654692C35091600A4BFBA /* Debug */,
				5346546A2C35091600A4BFBA /* Release */,
			);
			defaultConfigurationIsVisible = 0;
			defaultConfigurationName = Release;
		};
		5346546B2C35091600A4BFBA /* Build configuration list for PBXNativeTarget "miti-miti" */ = {
			isa = XCConfigurationList;
			buildConfigurations = (
				5346546C2C35091600A4BFBA /* Debug */,
				5346546D2C35091600A4BFBA /* Release */,
			);
			defaultConfigurationIsVisible = 0;
			defaultConfigurationName = Release;
		};
/* End XCConfigurationList section */
	};
	rootObject = 534654552C35091500A4BFBA /* Project object */;
}
